
Microsoft Visual Studio Solution File, Format Version 12.00
# Visual Studio Version 17
VisualStudioVersion = 17.14.36401.2 d17.14
MinimumVisualStudioVersion = 10.0.40219.1
Project("{2150E333-8FDC-42A3-9474-1A3956D46DE8}") = "Gateway", "Gateway", "{02EA681E-C7D8-13C7-8484-4AC65E1B71E8}"
EndProject
Project("{2150E333-8FDC-42A3-9474-1A3956D46DE8}") = "Services", "Services", "{5DF19836-BC96-44FD-A6B3-7165547E5DEE}"
EndProject
Project("{2150E333-8FDC-42A3-9474-1A3956D46DE8}") = "Shared", "Shared", "{ACC3D99B-8513-4DE7-B6E3-C4F0752B2EAC}"
EndProject
Project("{FAE04EC0-301F-11D3-BF4B-00C04F79EFBC}") = "Shared.Domain", "Shared.Domain\Shared.Domain.csproj", "{9846F48E-4C2F-4BD9-89E5-FBAEA1C2FA5E}"
EndProject
Project("{FAE04EC0-301F-11D3-BF4B-00C04F79EFBC}") = "Shared.Infrastructure", "Shared.Infrastructure\Shared.Infrastructure.csproj", "{78342EB9-9DC7-43BF-AE7B-ED628C68C784}"
EndProject
Project("{2150E333-8FDC-42A3-9474-1A3956D46DE8}") = "Authentication", "Authentication", "{29096B2D-EEE1-45B6-A247-0FD89E8B7B54}"
EndProject
Project("{FAE04EC0-301F-11D3-BF4B-00C04F79EFBC}") = "Auth.Domain", "Auth.Domain\Auth.Domain.csproj", "{9BE4E653-0340-421B-A1CB-AB417E6EF907}"
EndProject
Project("{FAE04EC0-301F-11D3-BF4B-00C04F79EFBC}") = "Auth.Application", "Auth.Application\Auth.Application.csproj", "{66BC4E8F-6A7F-421A-A9F2-B1A336FFC8A4}"
EndProject
Project("{FAE04EC0-301F-11D3-BF4B-00C04F79EFBC}") = "Auth.API", "Auth.API\Auth.API.csproj", "{2270841C-7F72-4183-AF21-A32E57DB7F3E}"
EndProject
Project("{2150E333-8FDC-42A3-9474-1A3956D46DE8}") = "Properties", "Properties", "{3766B45D-3F5F-42BE-9A9E-8E0B07D6E6D6}"
EndProject
Project("{FAE04EC0-301F-11D3-BF4B-00C04F79EFBC}") = "Auth.Infrastructure", "Auth.Infrastructure\Auth.Infrastructure.csproj", "{E400924E-CEE6-4CB2-BEC8-44F556B4A97A}"
EndProject
Project("{FAE04EC0-301F-11D3-BF4B-00C04F79EFBC}") = "Properties.API", "Properties.API\Properties.API.csproj", "{AC56B51C-EC71-4609-ACF6-46AA1AD94BE4}"
EndProject
Project("{FAE04EC0-301F-11D3-BF4B-00C04F79EFBC}") = "Properties.Application", "Properties.Application\Properties.Application.csproj", "{71DA884B-1E1D-4837-BA6A-A1FD16C4C6E1}"
EndProject
Project("{FAE04EC0-301F-11D3-BF4B-00C04F79EFBC}") = "Properties.Domain", "Properties.Domain\Properties.Domain.csproj", "{4E39FC68-E282-474E-A423-CB00BF27ECC7}"
EndProject
Project("{FAE04EC0-301F-11D3-BF4B-00C04F79EFBC}") = "Properties.Infrastructure", "Properties.Infrastructure\Properties.Infrastructure.csproj", "{9AD74F3C-BEF3-4C5E-A378-D497A53F120B}"
EndProject
Project("{FAE04EC0-301F-11D3-BF4B-00C04F79EFBC}") = "TestMillionandup.Property", "TestMillionandup.Property\TestMillionandup.Property.csproj", "{3A9A5383-D1B8-4E7E-AE81-59E43A1CBEE2}"
EndProject
Global
	GlobalSection(SolutionConfigurationPlatforms) = preSolution
		Debug|Any CPU = Debug|Any CPU
		Release|Any CPU = Release|Any CPU
	EndGlobalSection
	GlobalSection(ProjectConfigurationPlatforms) = postSolution
		{9846F48E-4C2F-4BD9-89E5-FBAEA1C2FA5E}.Debug|Any CPU.ActiveCfg = Debug|Any CPU
		{9846F48E-4C2F-4BD9-89E5-FBAEA1C2FA5E}.Debug|Any CPU.Build.0 = Debug|Any CPU
		{9846F48E-4C2F-4BD9-89E5-FBAEA1C2FA5E}.Release|Any CPU.ActiveCfg = Release|Any CPU
		{9846F48E-4C2F-4BD9-89E5-FBAEA1C2FA5E}.Release|Any CPU.Build.0 = Release|Any CPU
		{78342EB9-9DC7-43BF-AE7B-ED628C68C784}.Debug|Any CPU.ActiveCfg = Debug|Any CPU
		{78342EB9-9DC7-43BF-AE7B-ED628C68C784}.Debug|Any CPU.Build.0 = Debug|Any CPU
		{78342EB9-9DC7-43BF-AE7B-ED628C68C784}.Release|Any CPU.ActiveCfg = Release|Any CPU
		{78342EB9-9DC7-43BF-AE7B-ED628C68C784}.Release|Any CPU.Build.0 = Release|Any CPU
		{9BE4E653-0340-421B-A1CB-AB417E6EF907}.Debug|Any CPU.ActiveCfg = Debug|Any CPU
		{9BE4E653-0340-421B-A1CB-AB417E6EF907}.Debug|Any CPU.Build.0 = Debug|Any CPU
		{9BE4E653-0340-421B-A1CB-AB417E6EF907}.Release|Any CPU.ActiveCfg = Release|Any CPU
		{9BE4E653-0340-421B-A1CB-AB417E6EF907}.Release|Any CPU.Build.0 = Release|Any CPU
		{66BC4E8F-6A7F-421A-A9F2-B1A336FFC8A4}.Debug|Any CPU.ActiveCfg = Debug|Any CPU
		{66BC4E8F-6A7F-421A-A9F2-B1A336FFC8A4}.Debug|Any CPU.Build.0 = Debug|Any CPU
		{66BC4E8F-6A7F-421A-A9F2-B1A336FFC8A4}.Release|Any CPU.ActiveCfg = Release|Any CPU
		{66BC4E8F-6A7F-421A-A9F2-B1A336FFC8A4}.Release|Any CPU.Build.0 = Release|Any CPU
		{2270841C-7F72-4183-AF21-A32E57DB7F3E}.Debug|Any CPU.ActiveCfg = Debug|Any CPU
		{2270841C-7F72-4183-AF21-A32E57DB7F3E}.Debug|Any CPU.Build.0 = Debug|Any CPU
		{2270841C-7F72-4183-AF21-A32E57DB7F3E}.Release|Any CPU.ActiveCfg = Release|Any CPU
		{2270841C-7F72-4183-AF21-A32E57DB7F3E}.Release|Any CPU.Build.0 = Release|Any CPU
		{E400924E-CEE6-4CB2-BEC8-44F556B4A97A}.Debug|Any CPU.ActiveCfg = Debug|Any CPU
		{E400924E-CEE6-4CB2-BEC8-44F556B4A97A}.Debug|Any CPU.Build.0 = Debug|Any CPU
		{E400924E-CEE6-4CB2-BEC8-44F556B4A97A}.Release|Any CPU.ActiveCfg = Release|Any CPU
		{E400924E-CEE6-4CB2-BEC8-44F556B4A97A}.Release|Any CPU.Build.0 = Release|Any CPU
		{AC56B51C-EC71-4609-ACF6-46AA1AD94BE4}.Debug|Any CPU.ActiveCfg = Debug|Any CPU
		{AC56B51C-EC71-4609-ACF6-46AA1AD94BE4}.Debug|Any CPU.Build.0 = Debug|Any CPU
		{AC56B51C-EC71-4609-ACF6-46AA1AD94BE4}.Release|Any CPU.ActiveCfg = Release|Any CPU
		{AC56B51C-EC71-4609-ACF6-46AA1AD94BE4}.Release|Any CPU.Build.0 = Release|Any CPU
		{71DA884B-1E1D-4837-BA6A-A1FD16C4C6E1}.Debug|Any CPU.ActiveCfg = Debug|Any CPU
		{71DA884B-1E1D-4837-BA6A-A1FD16C4C6E1}.Debug|Any CPU.Build.0 = Debug|Any CPU
		{71DA884B-1E1D-4837-BA6A-A1FD16C4C6E1}.Release|Any CPU.ActiveCfg = Release|Any CPU
		{71DA884B-1E1D-4837-BA6A-A1FD16C4C6E1}.Release|Any CPU.Build.0 = Release|Any CPU
		{4E39FC68-E282-474E-A423-CB00BF27ECC7}.Debug|Any CPU.ActiveCfg = Debug|Any CPU
		{4E39FC68-E282-474E-A423-CB00BF27ECC7}.Debug|Any CPU.Build.0 = Debug|Any CPU
		{4E39FC68-E282-474E-A423-CB00BF27ECC7}.Release|Any CPU.ActiveCfg = Release|Any CPU
		{4E39FC68-E282-474E-A423-CB00BF27ECC7}.Release|Any CPU.Build.0 = Release|Any CPU
		{9AD74F3C-BEF3-4C5E-A378-D497A53F120B}.Debug|Any CPU.ActiveCfg = Debug|Any CPU
		{9AD74F3C-BEF3-4C5E-A378-D497A53F120B}.Debug|Any CPU.Build.0 = Debug|Any CPU
		{9AD74F3C-BEF3-4C5E-A378-D497A53F120B}.Release|Any CPU.ActiveCfg = Release|Any CPU
		{9AD74F3C-BEF3-4C5E-A378-D497A53F120B}.Release|Any CPU.Build.0 = Release|Any CPU
		{3A9A5383-D1B8-4E7E-AE81-59E43A1CBEE2}.Debug|Any CPU.ActiveCfg = Debug|Any CPU
		{3A9A5383-D1B8-4E7E-AE81-59E43A1CBEE2}.Debug|Any CPU.Build.0 = Debug|Any CPU
		{3A9A5383-D1B8-4E7E-AE81-59E43A1CBEE2}.Release|Any CPU.ActiveCfg = Release|Any CPU
		{3A9A5383-D1B8-4E7E-AE81-59E43A1CBEE2}.Release|Any CPU.Build.0 = Release|Any CPU
	EndGlobalSection
	GlobalSection(SolutionProperties) = preSolution
		HideSolutionNode = FALSE
	EndGlobalSection
	GlobalSection(NestedProjects) = preSolution
		{9846F48E-4C2F-4BD9-89E5-FBAEA1C2FA5E} = {ACC3D99B-8513-4DE7-B6E3-C4F0752B2EAC}
		{78342EB9-9DC7-43BF-AE7B-ED628C68C784} = {ACC3D99B-8513-4DE7-B6E3-C4F0752B2EAC}
		{29096B2D-EEE1-45B6-A247-0FD89E8B7B54} = {5DF19836-BC96-44FD-A6B3-7165547E5DEE}
		{9BE4E653-0340-421B-A1CB-AB417E6EF907} = {29096B2D-EEE1-45B6-A247-0FD89E8B7B54}
		{66BC4E8F-6A7F-421A-A9F2-B1A336FFC8A4} = {29096B2D-EEE1-45B6-A247-0FD89E8B7B54}
		{2270841C-7F72-4183-AF21-A32E57DB7F3E} = {29096B2D-EEE1-45B6-A247-0FD89E8B7B54}
		{3766B45D-3F5F-42BE-9A9E-8E0B07D6E6D6} = {5DF19836-BC96-44FD-A6B3-7165547E5DEE}
		{E400924E-CEE6-4CB2-BEC8-44F556B4A97A} = {29096B2D-EEE1-45B6-A247-0FD89E8B7B54}
		{AC56B51C-EC71-4609-ACF6-46AA1AD94BE4} = {3766B45D-3F5F-42BE-9A9E-8E0B07D6E6D6}
		{71DA884B-1E1D-4837-BA6A-A1FD16C4C6E1} = {3766B45D-3F5F-42BE-9A9E-8E0B07D6E6D6}
		{4E39FC68-E282-474E-A423-CB00BF27ECC7} = {3766B45D-3F5F-42BE-9A9E-8E0B07D6E6D6}
		{9AD74F3C-BEF3-4C5E-A378-D497A53F120B} = {3766B45D-3F5F-42BE-9A9E-8E0B07D6E6D6}
		{3A9A5383-D1B8-4E7E-AE81-59E43A1CBEE2} = {3766B45D-3F5F-42BE-9A9E-8E0B07D6E6D6}
	EndGlobalSection
	GlobalSection(ExtensibilityGlobals) = postSolution
		SolutionGuid = {D66A1260-FEF6-47C6-983A-792B9C78948B}
	EndGlobalSection
EndGlobal
